
Microsoft Visual Studio Solution File, Format Version 12.00
# Visual Studio 15
VisualStudioVersion = 15.0.28010.2046
MinimumVisualStudioVersion = 10.0.40219.1
Project("{FAE04EC0-301F-11D3-BF4B-00C04F79EFBC}") = "y e e t  t h i s  f i l e", "y e e t  t h i s  f i l e\y e e t  t h i s  f i l e.csproj", "{805C567B-6DF6-4F05-8432-51CF758CF552}"
EndProject
Global
	GlobalSection(SolutionConfigurationPlatforms) = preSolution
		Debug|Any CPU = Debug|Any CPU
		Release|Any CPU = Release|Any CPU
	EndGlobalSection
	GlobalSection(ProjectConfigurationPlatforms) = postSolution
		{805C567B-6DF6-4F05-8432-51CF758CF552}.Debug|Any CPU.ActiveCfg = Debug|Any CPU
		{805C567B-6DF6-4F05-8432-51CF758CF552}.Debug|Any CPU.Build.0 = Debug|Any CPU
		{805C567B-6DF6-4F05-8432-51CF758CF552}.Release|Any CPU.ActiveCfg = Release|Any CPU
		{805C567B-6DF6-4F05-8432-51CF758CF552}.Release|Any CPU.Build.0 = Release|Any CPU
	EndGlobalSection
	GlobalSection(SolutionProperties) = preSolution
		HideSolutionNode = FALSE
	EndGlobalSection
	GlobalSection(ExtensibilityGlobals) = postSolution
		SolutionGuid = {BC21AD90-D300-4754-AB6F-FF706B9B1D44}
	EndGlobalSection
EndGlobal
